
Microsoft Visual Studio Solution File, Format Version 12.00
# Visual Studio Version 17
VisualStudioVersion = 17.14.37012.4 d17.14
MinimumVisualStudioVersion = 10.0.40219.1
Project("{FAE04EC0-301F-11D3-BF4B-00C04F79EFBC}") = "G-NET-26-OOP-2", "G-NET-26-OOP-2\G-NET-26-OOP-2.csproj", "{EFB29B4C-B228-49E3-A48B-93D769561FD4}"
EndProject
Global
	GlobalSection(SolutionConfigurationPlatforms) = preSolution
		Debug|Any CPU = Debug|Any CPU
		Release|Any CPU = Release|Any CPU
	EndGlobalSection
	GlobalSection(ProjectConfigurationPlatforms) = postSolution
		{EFB29B4C-B228-49E3-A48B-93D769561FD4}.Debug|Any CPU.ActiveCfg = Debug|Any CPU
		{EFB29B4C-B228-49E3-A48B-93D769561FD4}.Debug|Any CPU.Build.0 = Debug|Any CPU
		{EFB29B4C-B228-49E3-A48B-93D769561FD4}.Release|Any CPU.ActiveCfg = Release|Any CPU
		{EFB29B4C-B228-49E3-A48B-93D769561FD4}.Release|Any CPU.Build.0 = Release|Any CPU
	EndGlobalSection
	GlobalSection(SolutionProperties) = preSolution
		HideSolutionNode = FALSE
	EndGlobalSection
	GlobalSection(ExtensibilityGlobals) = postSolution
		SolutionGuid = {A8DE6472-114C-4A4C-AAD5-C36D7BE9C4FC}
	EndGlobalSection
EndGlobal
